PODS:
  - Localize-Swift (3.2.0):
    - Localize-Swift/LocalizeSwiftCore (= 3.2.0)
    - Localize-Swift/UIKit (= 3.2.0)
  - Localize-Swift/LocalizeSwiftCore (3.2.0)
  - Localize-Swift/UIKit (3.2.0):
    - Localize-Swift/LocalizeSwiftCore
  - NSVLocalizationKit (0.1.2):
    - Localize-Swift

DEPENDENCIES:
  - NSVLocalizationKit (from `../`)

SPEC REPOS:
  trunk:
    - Localize-Swift

EXTERNAL SOURCES:
  NSVLocalizationKit:
    :path: "../"

SPEC CHECKSUMS:
  Localize-Swift: 6f4475136bdb0d7b2882ea3d4ea919d70142b232
  NSVLocalizationKit: c5d16ec4c5790005d9a3d7dcdc98452bc09ad9f6

PODFILE CHECKSUM: c98e8821f67b630b5660dde6c60046c15e09e7dd

COCOAPODS: 1.9.3
